
Microsoft Visual Studio Solution File, Format Version 12.00
# Visual Studio Version 17
VisualStudioVersion = 17.12.35707.178
MinimumVisualStudioVersion = 10.0.40219.1
Project("{2150E333-8FDC-42A3-9474-1A3956D46DE8}") = "ShopManagement", "ShopManagement", "{9CAF2433-8D41-4708-974A-5059022579FB}"
EndProject
Project("{2150E333-8FDC-42A3-9474-1A3956D46DE8}") = "SM.Domain", "SM.Domain", "{7680B06C-25A8-4C92-8C85-88D2A6F99E02}"
EndProject
Project("{FAE04EC0-301F-11D3-BF4B-00C04F79EFBC}") = "ShopManagement.Domain", "ShopManagement.Domain\ShopManagement.Domain.csproj", "{3421272A-C3BF-451F-98E8-C18E2195F7DB}"
EndProject
Project("{FAE04EC0-301F-11D3-BF4B-00C04F79EFBC}") = "0_Framework", "0_Framework\0_Framework.csproj", "{7268A779-EA69-4760-A2A1-B825B59F90C8}"
EndProject
Project("{2150E333-8FDC-42A3-9474-1A3956D46DE8}") = "SM.Application", "SM.Application", "{D6284806-424A-48E7-BB5C-6D098A46F31B}"
EndProject
Project("{FAE04EC0-301F-11D3-BF4B-00C04F79EFBC}") = "ShopManagement.Application.Contracts", "ShopManagement.Application.Contracts\ShopManagement.Application.Contracts.csproj", "{7899153F-40C8-48BB-A889-1BD470CF7D29}"
EndProject
Project("{FAE04EC0-301F-11D3-BF4B-00C04F79EFBC}") = "ShopManagement.Application", "ShopManagement.Application\ShopManagement.Application.csproj", "{C1EE0EFA-10D8-4860-851D-35D2AAA2C7B9}"
EndProject
Project("{2150E333-8FDC-42A3-9474-1A3956D46DE8}") = "SM.Infrastructure", "SM.Infrastructure", "{0B094472-DCE5-4597-8CAE-09E6A8F8E91F}"
EndProject
Project("{FAE04EC0-301F-11D3-BF4B-00C04F79EFBC}") = "ShopManagement.Infrastructure.EFCore", "ShopManagement.Infrastructure.EFCore\ShopManagement.Infrastructure.EFCore.csproj", "{FD27A889-D092-4EC8-9ADE-95C4AAFE604B}"
EndProject
Project("{FAE04EC0-301F-11D3-BF4B-00C04F79EFBC}") = "ShopManagement.Configuration", "ShopManagement.Configuration\ShopManagement.Configuration.csproj", "{7DF923D3-A748-4A32-8657-33F0F155A04E}"
EndProject
Project("{FAE04EC0-301F-11D3-BF4B-00C04F79EFBC}") = "ServiceHost", "ServiceHost\ServiceHost.csproj", "{F3ABB665-9F41-4B51-A146-54BB7695CCC9}"
EndProject
Project("{FAE04EC0-301F-11D3-BF4B-00C04F79EFBC}") = "01_LampshadeQuery", "01_LampshadeQuery\01_LampshadeQuery.csproj", "{FCFA25D0-6A07-4A25-B74C-454C786C8F81}"
EndProject
Project("{2150E333-8FDC-42A3-9474-1A3956D46DE8}") = "DiscountManagement", "DiscountManagement", "{E5B3A936-EB67-4FCC-A7A2-9F2E7EB5CC67}"
EndProject
Project("{2150E333-8FDC-42A3-9474-1A3956D46DE8}") = "DM.Domain", "DM.Domain", "{7F028D8A-3D51-4913-BBCC-96FC46C32D68}"
EndProject
Project("{2150E333-8FDC-42A3-9474-1A3956D46DE8}") = "DM.Application", "DM.Application", "{65539750-B995-4A38-80FB-B3B4FC1D5311}"
EndProject
Project("{2150E333-8FDC-42A3-9474-1A3956D46DE8}") = "DM.Infrastructure", "DM.Infrastructure", "{FA6956AE-59A3-44F7-90EB-923C0582E459}"
EndProject
Project("{FAE04EC0-301F-11D3-BF4B-00C04F79EFBC}") = "DiscountManagement.Domain", "DiscountManagement.Domain\DiscountManagement.Domain.csproj", "{0A942EE9-D297-44E5-BDEF-993751CDD98A}"
EndProject
Project("{FAE04EC0-301F-11D3-BF4B-00C04F79EFBC}") = "DiscountManagement.Application.Contracts", "DiscountManagement.Application.Contract\DiscountManagement.Application.Contracts.csproj", "{C5B2AC07-07BE-4FF6-9E31-7A53CF89B512}"
EndProject
Project("{FAE04EC0-301F-11D3-BF4B-00C04F79EFBC}") = "DiscountManagement.Application", "DiscountManagement.Application\DiscountManagement.Application.csproj", "{E93926F2-CE2F-42C3-94A6-74441C9DF208}"
EndProject
Project("{FAE04EC0-301F-11D3-BF4B-00C04F79EFBC}") = "DiscountManagement.Infrastructure.EFCore", "DiscountManagement.Infrastructure.EFCore\DiscountManagement.Infrastructure.EFCore.csproj", "{30D35B47-684D-4334-BFAC-077A56AE7DCD}"
EndProject
Project("{FAE04EC0-301F-11D3-BF4B-00C04F79EFBC}") = "DiscountManagement.Configuration", "DiscountManagement.Configuration\DiscountManagement.Configuration.csproj", "{F211F1D0-9690-492D-B4AB-E3C8B03DFDB0}"
EndProject
Project("{2150E333-8FDC-42A3-9474-1A3956D46DE8}") = "InventoryManagement", "InventoryManagement", "{02EA681E-C7D8-13C7-8484-4AC65E1B71E8}"
EndProject
Project("{2150E333-8FDC-42A3-9474-1A3956D46DE8}") = "IM.Domain", "IM.Domain", "{1FD15CEC-596F-4AC4-9A58-8A322A1AC27A}"
EndProject
Project("{FAE04EC0-301F-11D3-BF4B-00C04F79EFBC}") = "InventoryManagement.Domain", "InventoryManagement.Domain\InventoryManagement.Domain.csproj", "{129A3238-BF71-48D4-BB85-E2D552B0E7A8}"
EndProject
Project("{2150E333-8FDC-42A3-9474-1A3956D46DE8}") = "IM.Application", "IM.Application", "{4C9A1D84-3680-414B-8F15-D876DDE7CED6}"
EndProject
Project("{FAE04EC0-301F-11D3-BF4B-00C04F79EFBC}") = "InventoryManagement.Application", "InventoryManagement.Application\InventoryManagement.Application.csproj", "{5232204C-41E2-44D1-B632-B0C074F86EB5}"
EndProject
Project("{FAE04EC0-301F-11D3-BF4B-00C04F79EFBC}") = "InventoryManagement.Application.Contracts", "InventoryManagement.Application.Contracts\InventoryManagement.Application.Contracts.csproj", "{DB0D03A7-0F66-4762-B215-26C40F889A24}"
EndProject
Global
	GlobalSection(SolutionConfigurationPlatforms) = preSolution
		Debug|Any CPU = Debug|Any CPU
		Release|Any CPU = Release|Any CPU
	EndGlobalSection
	GlobalSection(ProjectConfigurationPlatforms) = postSolution
		{3421272A-C3BF-451F-98E8-C18E2195F7DB}.Debug|Any CPU.ActiveCfg = Debug|Any CPU
		{3421272A-C3BF-451F-98E8-C18E2195F7DB}.Debug|Any CPU.Build.0 = Debug|Any CPU
		{3421272A-C3BF-451F-98E8-C18E2195F7DB}.Release|Any CPU.ActiveCfg = Release|Any CPU
		{3421272A-C3BF-451F-98E8-C18E2195F7DB}.Release|Any CPU.Build.0 = Release|Any CPU
		{7268A779-EA69-4760-A2A1-B825B59F90C8}.Debug|Any CPU.ActiveCfg = Debug|Any CPU
		{7268A779-EA69-4760-A2A1-B825B59F90C8}.Debug|Any CPU.Build.0 = Debug|Any CPU
		{7268A779-EA69-4760-A2A1-B825B59F90C8}.Release|Any CPU.ActiveCfg = Release|Any CPU
		{7268A779-EA69-4760-A2A1-B825B59F90C8}.Release|Any CPU.Build.0 = Release|Any CPU
		{7899153F-40C8-48BB-A889-1BD470CF7D29}.Debug|Any CPU.ActiveCfg = Debug|Any CPU
		{7899153F-40C8-48BB-A889-1BD470CF7D29}.Debug|Any CPU.Build.0 = Debug|Any CPU
		{7899153F-40C8-48BB-A889-1BD470CF7D29}.Release|Any CPU.ActiveCfg = Release|Any CPU
		{7899153F-40C8-48BB-A889-1BD470CF7D29}.Release|Any CPU.Build.0 = Release|Any CPU
		{C1EE0EFA-10D8-4860-851D-35D2AAA2C7B9}.Debug|Any CPU.ActiveCfg = Debug|Any CPU
		{C1EE0EFA-10D8-4860-851D-35D2AAA2C7B9}.Debug|Any CPU.Build.0 = Debug|Any CPU
		{C1EE0EFA-10D8-4860-851D-35D2AAA2C7B9}.Release|Any CPU.ActiveCfg = Release|Any CPU
		{C1EE0EFA-10D8-4860-851D-35D2AAA2C7B9}.Release|Any CPU.Build.0 = Release|Any CPU
		{FD27A889-D092-4EC8-9ADE-95C4AAFE604B}.Debug|Any CPU.ActiveCfg = Debug|Any CPU
		{FD27A889-D092-4EC8-9ADE-95C4AAFE604B}.Debug|Any CPU.Build.0 = Debug|Any CPU
		{FD27A889-D092-4EC8-9ADE-95C4AAFE604B}.Release|Any CPU.ActiveCfg = Release|Any CPU
		{FD27A889-D092-4EC8-9ADE-95C4AAFE604B}.Release|Any CPU.Build.0 = Release|Any CPU
		{7DF923D3-A748-4A32-8657-33F0F155A04E}.Debug|Any CPU.ActiveCfg = Debug|Any CPU
		{7DF923D3-A748-4A32-8657-33F0F155A04E}.Debug|Any CPU.Build.0 = Debug|Any CPU
		{7DF923D3-A748-4A32-8657-33F0F155A04E}.Release|Any CPU.ActiveCfg = Release|Any CPU
		{7DF923D3-A748-4A32-8657-33F0F155A04E}.Release|Any CPU.Build.0 = Release|Any CPU
		{F3ABB665-9F41-4B51-A146-54BB7695CCC9}.Debug|Any CPU.ActiveCfg = Debug|Any CPU
		{F3ABB665-9F41-4B51-A146-54BB7695CCC9}.Debug|Any CPU.Build.0 = Debug|Any CPU
		{F3ABB665-9F41-4B51-A146-54BB7695CCC9}.Release|Any CPU.ActiveCfg = Release|Any CPU
		{F3ABB665-9F41-4B51-A146-54BB7695CCC9}.Release|Any CPU.Build.0 = Release|Any CPU
		{FCFA25D0-6A07-4A25-B74C-454C786C8F81}.Debug|Any CPU.ActiveCfg = Debug|Any CPU
		{FCFA25D0-6A07-4A25-B74C-454C786C8F81}.Debug|Any CPU.Build.0 = Debug|Any CPU
		{FCFA25D0-6A07-4A25-B74C-454C786C8F81}.Release|Any CPU.ActiveCfg = Release|Any CPU
		{FCFA25D0-6A07-4A25-B74C-454C786C8F81}.Release|Any CPU.Build.0 = Release|Any CPU
		{0A942EE9-D297-44E5-BDEF-993751CDD98A}.Debug|Any CPU.ActiveCfg = Debug|Any CPU
		{0A942EE9-D297-44E5-BDEF-993751CDD98A}.Debug|Any CPU.Build.0 = Debug|Any CPU
		{0A942EE9-D297-44E5-BDEF-993751CDD98A}.Release|Any CPU.ActiveCfg = Release|Any CPU
		{0A942EE9-D297-44E5-BDEF-993751CDD98A}.Release|Any CPU.Build.0 = Release|Any CPU
		{C5B2AC07-07BE-4FF6-9E31-7A53CF89B512}.Debug|Any CPU.ActiveCfg = Debug|Any CPU
		{C5B2AC07-07BE-4FF6-9E31-7A53CF89B512}.Debug|Any CPU.Build.0 = Debug|Any CPU
		{C5B2AC07-07BE-4FF6-9E31-7A53CF89B512}.Release|Any CPU.ActiveCfg = Release|Any CPU
		{C5B2AC07-07BE-4FF6-9E31-7A53CF89B512}.Release|Any CPU.Build.0 = Release|Any CPU
		{E93926F2-CE2F-42C3-94A6-74441C9DF208}.Debug|Any CPU.ActiveCfg = Debug|Any CPU
		{E93926F2-CE2F-42C3-94A6-74441C9DF208}.Debug|Any CPU.Build.0 = Debug|Any CPU
		{E93926F2-CE2F-42C3-94A6-74441C9DF208}.Release|Any CPU.ActiveCfg = Release|Any CPU
		{E93926F2-CE2F-42C3-94A6-74441C9DF208}.Release|Any CPU.Build.0 = Release|Any CPU
		{30D35B47-684D-4334-BFAC-077A56AE7DCD}.Debug|Any CPU.ActiveCfg = Debug|Any CPU
		{30D35B47-684D-4334-BFAC-077A56AE7DCD}.Debug|Any CPU.Build.0 = Debug|Any CPU
		{30D35B47-684D-4334-BFAC-077A56AE7DCD}.Release|Any CPU.ActiveCfg = Release|Any CPU
		{30D35B47-684D-4334-BFAC-077A56AE7DCD}.Release|Any CPU.Build.0 = Release|Any CPU
		{F211F1D0-9690-492D-B4AB-E3C8B03DFDB0}.Debug|Any CPU.ActiveCfg = Debug|Any CPU
		{F211F1D0-9690-492D-B4AB-E3C8B03DFDB0}.Debug|Any CPU.Build.0 = Debug|Any CPU
		{F211F1D0-9690-492D-B4AB-E3C8B03DFDB0}.Release|Any CPU.ActiveCfg = Release|Any CPU
		{F211F1D0-9690-492D-B4AB-E3C8B03DFDB0}.Release|Any CPU.Build.0 = Release|Any CPU
		{129A3238-BF71-48D4-BB85-E2D552B0E7A8}.Debug|Any CPU.ActiveCfg = Debug|Any CPU
		{129A3238-BF71-48D4-BB85-E2D552B0E7A8}.Debug|Any CPU.Build.0 = Debug|Any CPU
		{129A3238-BF71-48D4-BB85-E2D552B0E7A8}.Release|Any CPU.ActiveCfg = Release|Any CPU
		{129A3238-BF71-48D4-BB85-E2D552B0E7A8}.Release|Any CPU.Build.0 = Release|Any CPU
		{5232204C-41E2-44D1-B632-B0C074F86EB5}.Debug|Any CPU.ActiveCfg = Debug|Any CPU
		{5232204C-41E2-44D1-B632-B0C074F86EB5}.Debug|Any CPU.Build.0 = Debug|Any CPU
		{5232204C-41E2-44D1-B632-B0C074F86EB5}.Release|Any CPU.ActiveCfg = Release|Any CPU
		{5232204C-41E2-44D1-B632-B0C074F86EB5}.Release|Any CPU.Build.0 = Release|Any CPU
		{DB0D03A7-0F66-4762-B215-26C40F889A24}.Debug|Any CPU.ActiveCfg = Debug|Any CPU
		{DB0D03A7-0F66-4762-B215-26C40F889A24}.Debug|Any CPU.Build.0 = Debug|Any CPU
		{DB0D03A7-0F66-4762-B215-26C40F889A24}.Release|Any CPU.ActiveCfg = Release|Any CPU
		{DB0D03A7-0F66-4762-B215-26C40F889A24}.Release|Any CPU.Build.0 = Release|Any CPU
	EndGlobalSection
	GlobalSection(SolutionProperties) = preSolution
		HideSolutionNode = FALSE
	EndGlobalSection
	GlobalSection(NestedProjects) = preSolution
		{7680B06C-25A8-4C92-8C85-88D2A6F99E02} = {9CAF2433-8D41-4708-974A-5059022579FB}
		{3421272A-C3BF-451F-98E8-C18E2195F7DB} = {7680B06C-25A8-4C92-8C85-88D2A6F99E02}
		{D6284806-424A-48E7-BB5C-6D098A46F31B} = {9CAF2433-8D41-4708-974A-5059022579FB}
		{7899153F-40C8-48BB-A889-1BD470CF7D29} = {D6284806-424A-48E7-BB5C-6D098A46F31B}
		{C1EE0EFA-10D8-4860-851D-35D2AAA2C7B9} = {D6284806-424A-48E7-BB5C-6D098A46F31B}
		{0B094472-DCE5-4597-8CAE-09E6A8F8E91F} = {9CAF2433-8D41-4708-974A-5059022579FB}
		{FD27A889-D092-4EC8-9ADE-95C4AAFE604B} = {0B094472-DCE5-4597-8CAE-09E6A8F8E91F}
		{7DF923D3-A748-4A32-8657-33F0F155A04E} = {0B094472-DCE5-4597-8CAE-09E6A8F8E91F}
		{7F028D8A-3D51-4913-BBCC-96FC46C32D68} = {E5B3A936-EB67-4FCC-A7A2-9F2E7EB5CC67}
		{65539750-B995-4A38-80FB-B3B4FC1D5311} = {E5B3A936-EB67-4FCC-A7A2-9F2E7EB5CC67}
		{FA6956AE-59A3-44F7-90EB-923C0582E459} = {E5B3A936-EB67-4FCC-A7A2-9F2E7EB5CC67}
		{0A942EE9-D297-44E5-BDEF-993751CDD98A} = {7F028D8A-3D51-4913-BBCC-96FC46C32D68}
		{C5B2AC07-07BE-4FF6-9E31-7A53CF89B512} = {65539750-B995-4A38-80FB-B3B4FC1D5311}
		{E93926F2-CE2F-42C3-94A6-74441C9DF208} = {65539750-B995-4A38-80FB-B3B4FC1D5311}
		{30D35B47-684D-4334-BFAC-077A56AE7DCD} = {FA6956AE-59A3-44F7-90EB-923C0582E459}
		{F211F1D0-9690-492D-B4AB-E3C8B03DFDB0} = {FA6956AE-59A3-44F7-90EB-923C0582E459}
		{1FD15CEC-596F-4AC4-9A58-8A322A1AC27A} = {02EA681E-C7D8-13C7-8484-4AC65E1B71E8}
		{129A3238-BF71-48D4-BB85-E2D552B0E7A8} = {1FD15CEC-596F-4AC4-9A58-8A322A1AC27A}
		{4C9A1D84-3680-414B-8F15-D876DDE7CED6} = {02EA681E-C7D8-13C7-8484-4AC65E1B71E8}
		{5232204C-41E2-44D1-B632-B0C074F86EB5} = {4C9A1D84-3680-414B-8F15-D876DDE7CED6}
		{DB0D03A7-0F66-4762-B215-26C40F889A24} = {4C9A1D84-3680-414B-8F15-D876DDE7CED6}
	EndGlobalSection
	GlobalSection(ExtensibilityGlobals) = postSolution
		SolutionGuid = {4BEAFA68-CE9B-4DFA-BB99-36BB668DC0B6}
	EndGlobalSection
EndGlobal
